
Microsoft Visual Studio Solution File, Format Version 12.00
# Visual Studio Version 17
VisualStudioVersion = 17.5.33530.505
MinimumVisualStudioVersion = 10.0.40219.1
Project("{FAE04EC0-301F-11D3-BF4B-00C04F79EFBC}") = "Pr22", "Pr22\Pr22.csproj", "{B9917D55-CEBF-4210-A3ED-B05EE329CF76}"
EndProject
Global
	GlobalSection(SolutionConfigurationPlatforms) = preSolution
		Debug|Any CPU = Debug|Any CPU
		Release|Any CPU = Release|Any CPU
	EndGlobalSection
	GlobalSection(ProjectConfigurationPlatforms) = postSolution
		{B9917D55-CEBF-4210-A3ED-B05EE329CF76}.Debug|Any CPU.ActiveCfg = Debug|Any CPU
		{B9917D55-CEBF-4210-A3ED-B05EE329CF76}.Debug|Any CPU.Build.0 = Debug|Any CPU
		{B9917D55-CEBF-4210-A3ED-B05EE329CF76}.Release|Any CPU.ActiveCfg = Release|Any CPU
		{B9917D55-CEBF-4210-A3ED-B05EE329CF76}.Release|Any CPU.Build.0 = Release|Any CPU
	EndGlobalSection
	GlobalSection(SolutionProperties) = preSolution
		HideSolutionNode = FALSE
	EndGlobalSection
	GlobalSection(ExtensibilityGlobals) = postSolution
		SolutionGuid = {F1696CF5-35CE-49D6-9DEF-DB436E480907}
	EndGlobalSection
EndGlobal
